
Microsoft Visual Studio Solution File, Format Version 12.00
# Visual Studio Version 17
VisualStudioVersion = 17.11.35327.3
MinimumVisualStudioVersion = 10.0.40219.1
Project("{9A19103F-16F7-4668-BE54-9A1E7A4F7556}") = "API", "API\API.csproj", "{62921A4A-0235-4B86-ACF2-0D901257E2E5}"
EndProject
Project("{9A19103F-16F7-4668-BE54-9A1E7A4F7556}") = "BlazorApp", "BlazorApp\BlazorApp.csproj", "{81B5E17B-6376-47BE-95DA-E715E4F1CA1C}"
EndProject
Project("{9A19103F-16F7-4668-BE54-9A1E7A4F7556}") = "ClassLibrary", "ClassLibrary\ClassLibrary.csproj", "{26A37286-1B94-4DFE-B1CF-A375D59017EA}"
EndProject
Project("{FAE04EC0-301F-11D3-BF4B-00C04F79EFBC}") = "TestProject", "TestProject\TestProject.csproj", "{947C9351-46BF-4946-8A7A-219E7054232F}"
EndProject
Global
	GlobalSection(SolutionConfigurationPlatforms) = preSolution
		Debug|Any CPU = Debug|Any CPU
		Release|Any CPU = Release|Any CPU
	EndGlobalSection
	GlobalSection(ProjectConfigurationPlatforms) = postSolution
		{62921A4A-0235-4B86-ACF2-0D901257E2E5}.Debug|Any CPU.ActiveCfg = Debug|Any CPU
		{62921A4A-0235-4B86-ACF2-0D901257E2E5}.Debug|Any CPU.Build.0 = Debug|Any CPU
		{62921A4A-0235-4B86-ACF2-0D901257E2E5}.Release|Any CPU.ActiveCfg = Release|Any CPU
		{62921A4A-0235-4B86-ACF2-0D901257E2E5}.Release|Any CPU.Build.0 = Release|Any CPU
		{81B5E17B-6376-47BE-95DA-E715E4F1CA1C}.Debug|Any CPU.ActiveCfg = Debug|Any CPU
		{81B5E17B-6376-47BE-95DA-E715E4F1CA1C}.Debug|Any CPU.Build.0 = Debug|Any CPU
		{81B5E17B-6376-47BE-95DA-E715E4F1CA1C}.Release|Any CPU.ActiveCfg = Release|Any CPU
		{81B5E17B-6376-47BE-95DA-E715E4F1CA1C}.Release|Any CPU.Build.0 = Release|Any CPU
		{26A37286-1B94-4DFE-B1CF-A375D59017EA}.Debug|Any CPU.ActiveCfg = Debug|Any CPU
		{26A37286-1B94-4DFE-B1CF-A375D59017EA}.Debug|Any CPU.Build.0 = Debug|Any CPU
		{26A37286-1B94-4DFE-B1CF-A375D59017EA}.Release|Any CPU.ActiveCfg = Release|Any CPU
		{26A37286-1B94-4DFE-B1CF-A375D59017EA}.Release|Any CPU.Build.0 = Release|Any CPU
		{947C9351-46BF-4946-8A7A-219E7054232F}.Debug|Any CPU.ActiveCfg = Debug|Any CPU
		{947C9351-46BF-4946-8A7A-219E7054232F}.Debug|Any CPU.Build.0 = Debug|Any CPU
		{947C9351-46BF-4946-8A7A-219E7054232F}.Release|Any CPU.ActiveCfg = Release|Any CPU
		{947C9351-46BF-4946-8A7A-219E7054232F}.Release|Any CPU.Build.0 = Release|Any CPU
	EndGlobalSection
	GlobalSection(SolutionProperties) = preSolution
		HideSolutionNode = FALSE
	EndGlobalSection
	GlobalSection(ExtensibilityGlobals) = postSolution
		SolutionGuid = {344C2547-BD21-493A-A035-10F2C2BAE99E}
	EndGlobalSection
EndGlobal
